
Microsoft Visual Studio Solution File, Format Version 11.00
# Visual Studio 2010
Project("{FAE04EC0-301F-11D3-BF4B-00C04F79EFBC}") = "Shooter_PiuPiu", "Assembly-CSharp-firstpass.csproj", "{E4C46250-1A68-2A5B-BA77-E28937542676}"
EndProject
Project("{FAE04EC0-301F-11D3-BF4B-00C04F79EFBC}") = "Shooter_PiuPiu", "Assembly-CSharp.csproj", "{1C333627-7643-0B1F-705B-A5D12BD20EB3}"
EndProject
Project("{FAE04EC0-301F-11D3-BF4B-00C04F79EFBC}") = "Shooter_PiuPiu", "Assembly-CSharp-Editor.csproj", "{B38CC80A-8D35-8EE4-9760-5BC039EAC398}"
EndProject
Global
	GlobalSection(SolutionConfigurationPlatforms) = preSolution
		Debug|Any CPU = Debug|Any CPU
		Release|Any CPU = Release|Any CPU
	EndGlobalSection
	GlobalSection(ProjectConfigurationPlatforms) = postSolution
		{E4C46250-1A68-2A5B-BA77-E28937542676}.Debug|Any CPU.ActiveCfg = Debug|Any CPU
		{E4C46250-1A68-2A5B-BA77-E28937542676}.Debug|Any CPU.Build.0 = Debug|Any CPU
		{E4C46250-1A68-2A5B-BA77-E28937542676}.Release|Any CPU.ActiveCfg = Release|Any CPU
		{E4C46250-1A68-2A5B-BA77-E28937542676}.Release|Any CPU.Build.0 = Release|Any CPU
		{1C333627-7643-0B1F-705B-A5D12BD20EB3}.Debug|Any CPU.ActiveCfg = Debug|Any CPU
		{1C333627-7643-0B1F-705B-A5D12BD20EB3}.Debug|Any CPU.Build.0 = Debug|Any CPU
		{1C333627-7643-0B1F-705B-A5D12BD20EB3}.Release|Any CPU.ActiveCfg = Release|Any CPU
		{1C333627-7643-0B1F-705B-A5D12BD20EB3}.Release|Any CPU.Build.0 = Release|Any CPU
		{B38CC80A-8D35-8EE4-9760-5BC039EAC398}.Debug|Any CPU.ActiveCfg = Debug|Any CPU
		{B38CC80A-8D35-8EE4-9760-5BC039EAC398}.Debug|Any CPU.Build.0 = Debug|Any CPU
		{B38CC80A-8D35-8EE4-9760-5BC039EAC398}.Release|Any CPU.ActiveCfg = Release|Any CPU
		{B38CC80A-8D35-8EE4-9760-5BC039EAC398}.Release|Any CPU.Build.0 = Release|Any CPU
	EndGlobalSection
	GlobalSection(SolutionProperties) = preSolution
		HideSolutionNode = FALSE
	EndGlobalSection
	GlobalSection(MonoDevelopProperties) = preSolution
		StartupItem = Assembly-CSharp.csproj
	EndGlobalSection
EndGlobal
